{
  "name": "HeroicaTour",
  "lockfileVersion": 2,
  "requires": true,
  "packages": {
    "": {
      "dependencies": {
        "ffi": "^2.3.0"
      }
    },
    "node_modules/ffi": {
      "version": "2.3.0",
      "license": "MIT",
      "dependencies": {
        "bindings": "~1.2.0",
        "debug": "2",
        "nan": "2",
        "ref": "1",
        "ref-struct": "1"
      },
      "engines": {
        "node": ">=0.10.0"
      }
    }
  },
  "dependencies": {
    "ffi": {
      "version": "2.3.0",
      "requires": {
        "bindings": "~1.2.0",
        "debug": "2",
        "nan": "2",
        "ref": "1",
        "ref-struct": "1"
      }
    }
  }
}
